// !$*UTF8*$!
{
	archiveVersion = 1;
	classes = {
	};
	objectVersion = 50;
	objects = {

/* Begin PBXBuildFile section */
		1989692522C3CF6000EC4342 /* yumeto1 in Resources */ = {isa = PBXBuildFile; fileRef = 1989692422C3CF6000EC4342 /* yumeto1 */; };
		1989692622C3CF6000EC4342 /* yumeto1 in Resources */ = {isa = PBXBuildFile; fileRef = 1989692422C3CF6000EC4342 /* yumeto1 */; };
		1989692722C3CF6000EC4342 /* yumeto1 in Resources */ = {isa = PBXBuildFile; fileRef = 1989692422C3CF6000EC4342 /* yumeto1 */; };
		19995ACA22991EC300AEB179 /* AppDelegate.swift in Sources */ = {isa = PBXBuildFile; fileRef = 19995AC922991EC300AEB179 /* AppDelegate.swift */; };
		19995ACC22991EC300AEB179 /* ViewController.swift in Sources */ = {isa = PBXBuildFile; fileRef = 19995ACB22991EC300AEB179 /* ViewController.swift */; };
		19995ACF22991EC300AEB179 /* Main.storyboard in Resources */ = {isa = PBXBuildFile; fileRef = 19995ACD22991EC300AEB179 /* Main.storyboard */; };
		19995AD122991EC300AEB179 /* Assets.xcassets in Resources */ = {isa = PBXBuildFile; fileRef = 19995AD022991EC300AEB179 /* Assets.xcassets */; };
		19995AD422991EC300AEB179 /* LaunchScreen.storyboard in Resources */ = {isa = PBXBuildFile; fileRef = 19995AD222991EC300AEB179 /* LaunchScreen.storyboard */; };
		19995ADF22991EC400AEB179 /* yumeto1Tests.swift in Sources */ = {isa = PBXBuildFile; fileRef = 19995ADE22991EC400AEB179 /* yumeto1Tests.swift */; };
		19995AEA22991EC400AEB179 /* yumeto1UITests.swift in Sources */ = {isa = PBXBuildFile; fileRef = 19995AE922991EC400AEB179 /* yumeto1UITests.swift */; };
/* End PBXBuildFile section */

/* Begin PBXContainerItemProxy section */
		19995ADB22991EC400AEB179 /* PBXContainerItemProxy */ = {
			isa = PBXContainerItemProxy;
			containerPortal = 19995ABE22991EC300AEB179 /* Project object */;
			proxyType = 1;
			remoteGlobalIDString = 19995AC522991EC300AEB179;
			remoteInfo = yumeto1;
		};
		19995AE622991EC400AEB179 /* PBXContainerItemProxy */ = {
			isa = PBXContainerItemProxy;
			containerPortal = 19995ABE22991EC300AEB179 /* Project object */;
			proxyType = 1;
			remoteGlobalIDString = 19995AC522991EC300AEB179;
			remoteInfo = yumeto1;
		};
/* End PBXContainerItemProxy section */

/* Begin PBXFileReference section */
		1989692422C3CF6000EC4342 /* yumeto1 */ = {isa = PBXFileReference; lastKnownFileType = folder; name = yumeto1; sourceTree = "<group>"; };
		19995AC622991EC300AEB179 /* yumeto1.app */ = {isa = PBXFileReference; explicitFileType = wrapper.application; includeInIndex = 0; path = yumeto1.app; sourceTree = BUILT_PRODUCTS_DIR; };
		19995AC922991EC300AEB179 /* AppDelegate.swift */ = {isa = PBXFileReference; lastKnownFileType = sourcecode.swift; path = AppDelegate.swift; sourceTree = "<group>"; };
		19995ACB22991EC300AEB179 /* ViewController.swift */ = {isa = PBXFileReference; lastKnownFileType = sourcecode.swift; path = ViewController.swift; sourceTree = "<group>"; };
		19995ACE22991EC300AEB179 /* Base */ = {isa = PBXFileReference; lastKnownFileType = file.storyboard; name = Base; path = Base.lproj/Main.storyboard; sourceTree = "<group>"; };
		19995AD022991EC300AEB179 /* Assets.xcassets */ = {isa = PBXFileReference; lastKnownFileType = folder.assetcatalog; path = Assets.xcassets; sourceTree = "<group>"; };
		19995AD322991EC300AEB179 /* Base */ = {isa = PBXFileReference; lastKnownFileType = file.storyboard; name = Base; path = Base.lproj/LaunchScreen.storyboard; sourceTree = "<group>"; };
		19995AD522991EC300AEB179 /* Info.plist */ = {isa = PBXFileReference; lastKnownFileType = text.plist.xml; path = Info.plist; sourceTree = "<group>"; };
		19995ADA22991EC400AEB179 /* yumeto1Tests.xctest */ = {isa = PBXFileReference; explicitFileType = wrapper.cfbundle; includeInIndex = 0; path = yumeto1Tests.xctest; sourceTree = BUILT_PRODUCTS_DIR; };
		19995ADE22991EC400AEB179 /* yumeto1Tests.swift */ = {isa = PBXFileReference; lastKnownFileType = sourcecode.swift; path = yumeto1Tests.swift; sourceTree = "<group>"; };
		19995AE022991EC400AEB179 /* Info.plist */ = {isa = PBXFileReference; lastKnownFileType = text.plist.xml; path = Info.plist; sourceTree = "<group>"; };
		19995AE522991EC400AEB179 /* yumeto1UITests.xctest */ = {isa = PBXFileReference; explicitFileType = wrapper.cfbundle; includeInIndex = 0; path = yumeto1UITests.xctest; sourceTree = BUILT_PRODUCTS_DIR; };
		19995AE922991EC400AEB179 /* yumeto1UITests.swift */ = {isa = PBXFileReference; lastKnownFileType = sourcecode.swift; path = yumeto1UITests.swift; sourceTree = "<group>"; };
		19995AEB22991EC400AEB179 /* Info.plist */ = {isa = PBXFileReference; lastKnownFileType = text.plist.xml; path = Info.plist; sourceTree = "<group>"; };
		19995AF822A9549F00AEB179 /* en */ = {isa = PBXFileReference; lastKnownFileType = text.plist.strings; name = en; path = en.lproj/Main.strings; sourceTree = "<group>"; };
/* End PBXFileReference section */

/* Begin PBXFrameworksBuildPhase section */
		19995AC322991EC300AEB179 /* Frameworks */ = {
			isa = PBXFrameworksBuildPhase;
			buildActionMask = 2147483647;
			files = (
			);
			runOnlyForDeploymentPostprocessing = 0;
		};
		19995AD722991EC400AEB179 /* Frameworks */ = {
			isa = PBXFrameworksBuildPhase;
			buildActionMask = 2147483647;
			files = (
			);
			runOnlyForDeploymentPostprocessing = 0;
		};
		19995AE222991EC400AEB179 /* Frameworks */ = {
			isa = PBXFrameworksBuildPhase;
			buildActionMask = 2147483647;
			files = (
			);
			runOnlyForDeploymentPostprocessing = 0;
		};
/* End PBXFrameworksBuildPhase section */

/* Begin PBXGroup section */
		19995ABD22991EC300AEB179 = {
			isa = PBXGroup;
			children = (
				19995AC822991EC300AEB179 /* yumeto1 */,
				19995ADD22991EC400AEB179 /* yumeto1Tests */,
				19995AE822991EC400AEB179 /* yumeto1UITests */,
				19995AC722991EC300AEB179 /* Products */,
			);
			sourceTree = "<group>";
		};
		19995AC722991EC300AEB179 /* Products */ = {
			isa = PBXGroup;
			children = (
				19995AC622991EC300AEB179 /* yumeto1.app */,
				19995ADA22991EC400AEB179 /* yumeto1Tests.xctest */,
				19995AE522991EC400AEB179 /* yumeto1UITests.xctest */,
			);
			name = Products;
			sourceTree = "<group>";
		};
		19995AC822991EC300AEB179 /* yumeto1 */ = {
			isa = PBXGroup;
			children = (
				1989692422C3CF6000EC4342 /* yumeto1 */,
				19995AC922991EC300AEB179 /* AppDelegate.swift */,
				19995ACB22991EC300AEB179 /* ViewController.swift */,
				19995ACD22991EC300AEB179 /* Main.storyboard */,
				19995AD022991EC300AEB179 /* Assets.xcassets */,
				19995AD222991EC300AEB179 /* LaunchScreen.storyboard */,
				19995AD522991EC300AEB179 /* Info.plist */,
			);
			path = yumeto1;
			sourceTree = "<group>";
		};
		19995ADD22991EC400AEB179 /* yumeto1Tests */ = {
			isa = PBXGroup;
			children = (
				19995ADE22991EC400AEB179 /* yumeto1Tests.swift */,
				19995AE022991EC400AEB179 /* Info.plist */,
			);
			path = yumeto1Tests;
			sourceTree = "<group>";
		};
		19995AE822991EC400AEB179 /* yumeto1UITests */ = {
			isa = PBXGroup;
			children = (
				19995AE922991EC400AEB179 /* yumeto1UITests.swift */,
				19995AEB22991EC400AEB179 /* Info.plist */,
			);
			path = yumeto1UITests;
			sourceTree = "<group>";
		};
/* End PBXGroup section */

/* Begin PBXNativeTarget section */
		19995AC522991EC300AEB179 /* yumeto1 */ = {
			isa = PBXNativeTarget;
			buildConfigurationList = 19995AEE22991EC400AEB179 /* Build configuration list for PBXNativeTarget "yumeto1" */;
			buildPhases = (
				19995AC222991EC300AEB179 /* Sources */,
				19995AC322991EC300AEB179 /* Frameworks */,
				19995AC422991EC300AEB179 /* Resources */,
			);
			buildRules = (
			);
			dependencies = (
			);
			name = yumeto1;
			productName = yumeto1;
			productReference = 19995AC622991EC300AEB179 /* yumeto1.app */;
			productType = "com.apple.product-type.application";
		};
		19995AD922991EC400AEB179 /* yumeto1Tests */ = {
			isa = PBXNativeTarget;
			buildConfigurationList = 19995AF122991EC400AEB179 /* Build configuration list for PBXNativeTarget "yumeto1Tests" */;
			buildPhases = (
				19995AD622991EC400AEB179 /* Sources */,
				19995AD722991EC400AEB179 /* Frameworks */,
				19995AD822991EC400AEB179 /* Resources */,
			);
			buildRules = (
			);
			dependencies = (
				19995ADC22991EC400AEB179 /* PBXTargetDependency */,
			);
			name = yumeto1Tests;
			productName = yumeto1Tests;
			productReference = 19995ADA22991EC400AEB179 /* yumeto1Tests.xctest */;
			productType = "com.apple.product-type.bundle.unit-test";
		};
		19995AE422991EC400AEB179 /* yumeto1UITests */ = {
			isa = PBXNativeTarget;
			buildConfigurationList = 19995AF422991EC400AEB179 /* Build configuration list for PBXNativeTarget "yumeto1UITests" */;
			buildPhases = (
				19995AE122991EC400AEB179 /* Sources */,
				19995AE222991EC400AEB179 /* Frameworks */,
				19995AE322991EC400AEB179 /* Resources */,
			);
			buildRules = (
			);
			dependencies = (
				19995AE722991EC400AEB179 /* PBXTargetDependency */,
			);
			name = yumeto1UITests;
			productName = yumeto1UITests;
			productReference = 19995AE522991EC400AEB179 /* yumeto1UITests.xctest */;
			productType = "com.apple.product-type.bundle.ui-testing";
		};
/* End PBXNativeTarget section */

/* Begin PBXProject section */
		19995ABE22991EC300AEB179 /* Project object */ = {
			isa = PBXProject;
			attributes = {
				LastSwiftUpdateCheck = 1020;
				LastUpgradeCheck = 1020;
				ORGANIZATIONNAME = WAKUike;
				TargetAttributes = {
					19995AC522991EC300AEB179 = {
						CreatedOnToolsVersion = 10.2.1;
					};
					19995AD922991EC400AEB179 = {
						CreatedOnToolsVersion = 10.2.1;
						TestTargetID = 19995AC522991EC300AEB179;
					};
					19995AE422991EC400AEB179 = {
						CreatedOnToolsVersion = 10.2.1;
						TestTargetID = 19995AC522991EC300AEB179;
					};
				};
			};
			buildConfigurationList = 19995AC122991EC300AEB179 /* Build configuration list for PBXProject "yumeto1" */;
			compatibilityVersion = "Xcode 9.3";
			developmentRegion = en;
			hasScannedForEncodings = 0;
			knownRegions = (
				en,
				Base,
			);
			mainGroup = 19995ABD22991EC300AEB179;
			productRefGroup = 19995AC722991EC300AEB179 /* Products */;
			projectDirPath = "";
			projectRoot = "";
			targets = (
				19995AC522991EC300AEB179 /* yumeto1 */,
				19995AD922991EC400AEB179 /* yumeto1Tests */,
				19995AE422991EC400AEB179 /* yumeto1UITests */,
			);
		};
/* End PBXProject section */

/* Begin PBXResourcesBuildPhase section */
		19995AC422991EC300AEB179 /* Resources */ = {
			isa = PBXResourcesBuildPhase;
			buildActionMask = 2147483647;
			files = (
				19995AD422991EC300AEB179 /* LaunchScreen.storyboard in Resources */,
				19995AD122991EC300AEB179 /* Assets.xcassets in Resources */,
				19995ACF22991EC300AEB179 /* Main.storyboard in Resources */,
				1989692522C3CF6000EC4342 /* yumeto1 in Resources */,
			);
			runOnlyForDeploymentPostprocessing = 0;
		};
		19995AD822991EC400AEB179 /* Resources */ = {
			isa = PBXResourcesBuildPhase;
			buildActionMask = 2147483647;
			files = (
				1989692622C3CF6000EC4342 /* yumeto1 in Resources */,
			);
			runOnlyForDeploymentPostprocessing = 0;
		};
		19995AE322991EC400AEB179 /* Resources */ = {
			isa = PBXResourcesBuildPhase;
			buildActionMask = 2147483647;
			files = (
				1989692722C3CF6000EC4342 /* yumeto1 in Resources */,
			);
			runOnlyForDeploymentPostprocessing = 0;
		};
/* End PBXResourcesBuildPhase section */

/* Begin PBXSourcesBuildPhase section */
		19995AC222991EC300AEB179 /* Sources */ = {
			isa = PBXSourcesBuildPhase;
			buildActionMask = 2147483647;
			files = (
				19995ACC22991EC300AEB179 /* ViewController.swift in Sources */,
				19995ACA22991EC300AEB179 /* AppDelegate.swift in Sources */,
			);
			runOnlyForDeploymentPostprocessing = 0;
		};
		19995AD622991EC400AEB179 /* Sources */ = {
			isa = PBXSourcesBuildPhase;
			buildActionMask = 2147483647;
			files = (
				19995ADF22991EC400AEB179 /* yumeto1Tests.swift in Sources */,
			);
			runOnlyForDeploymentPostprocessing = 0;
		};
		19995AE122991EC400AEB179 /* Sources */ = {
			isa = PBXSourcesBuildPhase;
			buildActionMask = 2147483647;
			files = (
				19995AEA22991EC400AEB179 /* yumeto1UITests.swift in Sources */,
			);
			runOnlyForDeploymentPostprocessing = 0;
		};
/* End PBXSourcesBuildPhase section */

/* Begin PBXTargetDependency section */
		19995ADC22991EC400AEB179 /* PBXTargetDependency */ = {
			isa = PBXTargetDependency;
			target = 19995AC522991EC300AEB179 /* yumeto1 */;
			targetProxy = 19995ADB22991EC400AEB179 /* PBXContainerItemProxy */;
		};
		19995AE722991EC400AEB179 /* PBXTargetDependency */ = {
			isa = PBXTargetDependency;
			target = 19995AC522991EC300AEB179 /* yumeto1 */;
			targetProxy = 19995AE622991EC400AEB179 /* PBXContainerItemProxy */;
		};
/* End PBXTargetDependency section */

/* Begin PBXVariantGroup section */
		19995ACD22991EC300AEB179 /* Main.storyboard */ = {
			isa = PBXVariantGroup;
			children = (
				19995ACE22991EC300AEB179 /* Base */,
				19995AF822A9549F00AEB179 /* en */,
			);
			name = Main.storyboard;
			sourceTree = "<group>";
			usesTabs = 1;
		};
		19995AD222991EC300AEB179 /* LaunchScreen.storyboard */ = {
			isa = PBXVariantGroup;
			children = (
				19995AD322991EC300AEB179 /* Base */,
			);
			name = LaunchScreen.storyboard;
			sourceTree = "<group>";
		};
/* End PBXVariantGroup section */

/* Begin XCBuildConfiguration section */
		19995AEC22991EC400AEB179 /* Debug */ = {
			isa = XCBuildConfiguration;
			buildSettings = {
				ALWAYS_SEARCH_USER_PATHS = NO;
				CLANG_ANALYZER_NONNULL = YES;
				CLANG_ANALYZER_NUMBER_OBJECT_CONVERSION = YES_AGGRESSIVE;
				CLANG_CXX_LANGUAGE_STANDARD = "gnu++14";
				CLANG_CXX_LIBRARY = "libc++";
				CLANG_ENABLE_MODULES = YES;
				CLANG_ENABLE_OBJC_ARC = YES;
				CLANG_ENABLE_OBJC_WEAK = YES;
				CLANG_WARN_BLOCK_CAPTURE_AUTORELEASING = YES;
				CLANG_WARN_BOOL_CONVERSION = YES;
				CLANG_WARN_COMMA = YES;
				CLANG_WARN_CONSTANT_CONVERSION = YES;
				CLANG_WARN_DEPRECATED_OBJC_IMPLEMENTATIONS = YES;
				CLANG_WARN_DIRECT_OBJC_ISA_USAGE = YES_ERROR;
				CLANG_WARN_DOCUMENTATION_COMMENTS = YES;
				CLANG_WARN_EMPTY_BODY = YES;
				CLANG_WARN_ENUM_CONVERSION = YES;
				CLANG_WARN_INFINITE_RECURSION = YES;
				CLANG_WARN_INT_CONVERSION = YES;
				CLANG_WARN_NON_LITERAL_NULL_CONVERSION = YES;
				CLANG_WARN_OBJC_IMPLICIT_RETAIN_SELF = YES;
				CLANG_WARN_OBJC_LITERAL_CONVERSION = YES;
				CLANG_WARN_OBJC_ROOT_CLASS = YES_ERROR;
				CLANG_WARN_RANGE_LOOP_ANALYSIS = YES;
				CLANG_WARN_STRICT_PROTOTYPES = YES;
				CLANG_WARN_SUSPICIOUS_MOVE = YES;
				CLANG_WARN_UNGUARDED_AVAILABILITY = YES_AGGRESSIVE;
				CLANG_WARN_UNREACHABLE_CODE = YES;
				CLANG_WARN__DUPLICATE_METHOD_MATCH = YES;
				CODE_SIGN_IDENTITY = "iPhone Developer";
				COPY_PHASE_STRIP = NO;
				DEBUG_INFORMATION_FORMAT = dwarf;
				ENABLE_STRICT_OBJC_MSGSEND = YES;
				ENABLE_TESTABILITY = YES;
				GCC_C_LANGUAGE_STANDARD = gnu11;
				GCC_DYNAMIC_NO_PIC = NO;
				GCC_NO_COMMON_BLOCKS = YES;
				GCC_OPTIMIZATION_LEVEL = 0;
				GCC_PREPROCESSOR_DEFINITIONS = (
					"DEBUG=1",
					"$(inherited)",
				);
				GCC_WARN_64_TO_32_BIT_CONVERSION = YES;
				GCC_WARN_ABOUT_RETURN_TYPE = YES_ERROR;
				GCC_WARN_UNDECLARED_SELECTOR = YES;
				GCC_WARN_UNINITIALIZED_AUTOS = YES_AGGRESSIVE;
				GCC_WARN_UNUSED_FUNCTION = YES;
				GCC_WARN_UNUSED_VARIABLE = YES;
				IPHONEOS_DEPLOYMENT_TARGET = 12.2;
				MTL_ENABLE_DEBUG_INFO = INCLUDE_SOURCE;
				MTL_FAST_MATH = YES;
				ONLY_ACTIVE_ARCH = YES;
				SDKROOT = iphoneos;
				SWIFT_ACTIVE_COMPILATION_CONDITIONS = DEBUG;
				SWIFT_OPTIMIZATION_LEVEL = "-Onone";
			};
			name = Debug;
		};
		19995AED22991EC400AEB179 /* Release */ = {
			isa = XCBuildConfiguration;
			buildSettings = {
				ALWAYS_SEARCH_USER_PATHS = NO;
				CLANG_ANALYZER_NONNULL = YES;
				CLANG_ANALYZER_NUMBER_OBJECT_CONVERSION = YES_AGGRESSIVE;
				CLANG_CXX_LANGUAGE_STANDARD = "gnu++14";
				CLANG_CXX_LIBRARY = "libc++";
				CLANG_ENABLE_MODULES = YES;
				CLANG_ENABLE_OBJC_ARC = YES;
				CLANG_ENABLE_OBJC_WEAK = YES;
				CLANG_WARN_BLOCK_CAPTURE_AUTORELEASING = YES;
				CLANG_WARN_BOOL_CONVERSION = YES;
				CLANG_WARN_COMMA = YES;
				CLANG_WARN_CONSTANT_CONVERSION = YES;
				CLANG_WARN_DEPRECATED_OBJC_IMPLEMENTATIONS = YES;
				CLANG_WARN_DIRECT_OBJC_ISA_USAGE = YES_ERROR;
				CLANG_WARN_DOCUMENTATION_COMMENTS = YES;
				CLANG_WARN_EMPTY_BODY = YES;
				CLANG_WARN_ENUM_CONVERSION = YES;
				CLANG_WARN_INFINITE_RECURSION = YES;
				CLANG_WARN_INT_CONVERSION = YES;
				CLANG_WARN_NON_LITERAL_NULL_CONVERSION = YES;
				CLANG_WARN_OBJC_IMPLICIT_RETAIN_SELF = YES;
				CLANG_WARN_OBJC_LITERAL_CONVERSION = YES;
				CLANG_WARN_OBJC_ROOT_CLASS = YES_ERROR;
				CLANG_WARN_RANGE_LOOP_ANALYSIS = YES;
				CLANG_WARN_STRICT_PROTOTYPES = YES;
				CLANG_WARN_SUSPICIOUS_MOVE = YES;
				CLANG_WARN_UNGUARDED_AVAILABILITY = YES_AGGRESSIVE;
				CLANG_WARN_UNREACHABLE_CODE = YES;
				CLANG_WARN__DUPLICATE_METHOD_MATCH = YES;
				CODE_SIGN_IDENTITY = "iPhone Developer";
				COPY_PHASE_STRIP = NO;
				DEBUG_INFORMATION_FORMAT = "dwarf-with-dsym";
				ENABLE_NS_ASSERTIONS = NO;
				ENABLE_STRICT_OBJC_MSGSEND = YES;
				GCC_C_LANGUAGE_STANDARD = gnu11;
				GCC_NO_COMMON_BLOCKS = YES;
				GCC_WARN_64_TO_32_BIT_CONVERSION = YES;
				GCC_WARN_ABOUT_RETURN_TYPE = YES_ERROR;
				GCC_WARN_UNDECLARED_SELECTOR = YES;
				GCC_WARN_UNINITIALIZED_AUTOS = YES_AGGRESSIVE;
				GCC_WARN_UNUSED_FUNCTION = YES;
				GCC_WARN_UNUSED_VARIABLE = YES;
				IPHONEOS_DEPLOYMENT_TARGET = 12.2;
				MTL_ENABLE_DEBUG_INFO = NO;
				MTL_FAST_MATH = YES;
				SDKROOT = iphoneos;
				SWIFT_COMPILATION_MODE = wholemodule;
				SWIFT_OPTIMIZATION_LEVEL = "-O";
				VALIDATE_PRODUCT = YES;
			};
			name = Release;
		};
		19995AEF22991EC400AEB179 /* Debug */ = {
			isa = XCBuildConfiguration;
			buildSettings = {
				ASSETCATALOG_COMPILER_APPICON_NAME = AppIcon;
				CODE_SIGN_STYLE = Automatic;
				DEVELOPMENT_TEAM = LY2Y6YTYF8;
				INFOPLIST_FILE = yumeto1/Info.plist;
				LD_RUNPATH_SEARCH_PATHS = (
					"$(inherited)",
					"@executable_path/Frameworks",
				);
				PRODUCT_BUNDLE_IDENTIFIER = com.WAKUike.yumeto1;
				PRODUCT_NAME = "$(TARGET_NAME)";
				SWIFT_VERSION = 5.0;
				TARGETED_DEVICE_FAMILY = "1,2";
			};
			name = Debug;
		};
		19995AF022991EC400AEB179 /* Release */ = {
			isa = XCBuildConfiguration;
			buildSettings = {
				ASSETCATALOG_COMPILER_APPICON_NAME = AppIcon;
				CODE_SIGN_STYLE = Automatic;
				DEVELOPMENT_TEAM = LY2Y6YTYF8;
				INFOPLIST_FILE = yumeto1/Info.plist;
				LD_RUNPATH_SEARCH_PATHS = (
					"$(inherited)",
					"@executable_path/Frameworks",
				);
				PRODUCT_BUNDLE_IDENTIFIER = com.WAKUike.yumeto1;
				PRODUCT_NAME = "$(TARGET_NAME)";
				SWIFT_VERSION = 5.0;
				TARGETED_DEVICE_FAMILY = "1,2";
			};
			name = Release;
		};
		19995AF222991EC400AEB179 /* Debug */ = {
			isa = XCBuildConfiguration;
			buildSettings = {
				ALWAYS_EMBED_SWIFT_STANDARD_LIBRARIES = YES;
				BUNDLE_LOADER = "$(TEST_HOST)";
				CODE_SIGN_STYLE = Automatic;
				DEVELOPMENT_TEAM = LY2Y6YTYF8;
				INFOPLIST_FILE = yumeto1Tests/Info.plist;
				LD_RUNPATH_SEARCH_PATHS = (
					"$(inherited)",
					"@executable_path/Frameworks",
					"@loader_path/Frameworks",
				);
				PRODUCT_BUNDLE_IDENTIFIER = com.WAKUike.yumeto1Tests;
				PRODUCT_NAME = "$(TARGET_NAME)";
				SWIFT_VERSION = 5.0;
				TARGETED_DEVICE_FAMILY = "1,2";
				TEST_HOST = "$(BUILT_PRODUCTS_DIR)/yumeto1.app/yumeto1";
			};
			name = Debug;
		};
		19995AF322991EC400AEB179 /* Release */ = {
			isa = XCBuildConfiguration;
			buildSettings = {
				ALWAYS_EMBED_SWIFT_STANDARD_LIBRARIES = YES;
				BUNDLE_LOADER = "$(TEST_HOST)";
				CODE_SIGN_STYLE = Automatic;
				DEVELOPMENT_TEAM = LY2Y6YTYF8;
				INFOPLIST_FILE = yumeto1Tests/Info.plist;
				LD_RUNPATH_SEARCH_PATHS = (
					"$(inherited)",
					"@executable_path/Frameworks",
					"@loader_path/Frameworks",
				);
				PRODUCT_BUNDLE_IDENTIFIER = com.WAKUike.yumeto1Tests;
				PRODUCT_NAME = "$(TARGET_NAME)";
				SWIFT_VERSION = 5.0;
				TARGETED_DEVICE_FAMILY = "1,2";
				TEST_HOST = "$(BUILT_PRODUCTS_DIR)/yumeto1.app/yumeto1";
			};
			name = Release;
		};
		19995AF522991EC400AEB179 /* Debug */ = {
			isa = XCBuildConfiguration;
			buildSettings = {
				ALWAYS_EMBED_SWIFT_STANDARD_LIBRARIES = YES;
				CODE_SIGN_STYLE = Automatic;
				DEVELOPMENT_TEAM = LY2Y6YTYF8;
				INFOPLIST_FILE = yumeto1UITests/Info.plist;
				LD_RUNPATH_SEARCH_PATHS = (
					"$(inherited)",
					"@executable_path/Frameworks",
					"@loader_path/Frameworks",
				);
				PRODUCT_BUNDLE_IDENTIFIER = com.WAKUike.yumeto1UITests;
				PRODUCT_NAME = "$(TARGET_NAME)";
				SWIFT_VERSION = 5.0;
				TARGETED_DEVICE_FAMILY = "1,2";
				TEST_TARGET_NAME = yumeto1;
			};
			name = Debug;
		};
		19995AF622991EC400AEB179 /* Release */ = {
			isa = XCBuildConfiguration;
			buildSettings = {
				ALWAYS_EMBED_SWIFT_STANDARD_LIBRARIES = YES;
				CODE_SIGN_STYLE = Automatic;
				DEVELOPMENT_TEAM = LY2Y6YTYF8;
				INFOPLIST_FILE = yumeto1UITests/Info.plist;
				LD_RUNPATH_SEARCH_PATHS = (
					"$(inherited)",
					"@executable_path/Frameworks",
					"@loader_path/Frameworks",
				);
				PRODUCT_BUNDLE_IDENTIFIER = com.WAKUike.yumeto1UITests;
				PRODUCT_NAME = "$(TARGET_NAME)";
				SWIFT_VERSION = 5.0;
				TARGETED_DEVICE_FAMILY = "1,2";
				TEST_TARGET_NAME = yumeto1;
			};
			name = Release;
		};
/* End XCBuildConfiguration section */

/* Begin XCConfigurationList section */
		19995AC122991EC300AEB179 /* Build configuration list for PBXProject "yumeto1" */ = {
			isa = XCConfigurationList;
			buildConfigurations = (
				19995AEC22991EC400AEB179 /* Debug */,
				19995AED22991EC400AEB179 /* Release */,
			);
			defaultConfigurationIsVisible = 0;
			defaultConfigurationName = Release;
		};
		19995AEE22991EC400AEB179 /* Build configuration list for PBXNativeTarget "yumeto1" */ = {
			isa = XCConfigurationList;
			buildConfigurations = (
				19995AEF22991EC400AEB179 /* Debug */,
				19995AF022991EC400AEB179 /* Release */,
			);
			defaultConfigurationIsVisible = 0;
			defaultConfigurationName = Release;
		};
		19995AF122991EC400AEB179 /* Build configuration list for PBXNativeTarget "yumeto1Tests" */ = {
			isa = XCConfigurationList;
			buildConfigurations = (
				19995AF222991EC400AEB179 /* Debug */,
				19995AF322991EC400AEB179 /* Release */,
			);
			defaultConfigurationIsVisible = 0;
			defaultConfigurationName = Release;
		};
		19995AF422991EC400AEB179 /* Build configuration list for PBXNativeTarget "yumeto1UITests" */ = {
			isa = XCConfigurationList;
			buildConfigurations = (
				19995AF522991EC400AEB179 /* Debug */,
				19995AF622991EC400AEB179 /* Release */,
			);
			defaultConfigurationIsVisible = 0;
			defaultConfigurationName = Release;
		};
/* End XCConfigurationList section */
	};
	rootObject = 19995ABE22991EC300AEB179 /* Project object */;
}
